
Microsoft Visual Studio Solution File, Format Version 10.00
# Visual Studio 2008
Project("{8BC9CEB8-8B4A-11D0-8D11-00A0C91BC942}") = "Server", "RemoteCtrolSystemServer\RemoteCtrolSystemServer.vcproj", "{31C1655B-D882-436F-AEAE-46794A3F53DC}"
	ProjectSection(ProjectDependencies) = postProject
		{F36C6310-E33A-4939-8C7B-B3B6AE8F967E} = {F36C6310-E33A-4939-8C7B-B3B6AE8F967E}
		{6D615623-0F3D-4246-9DEB-8D5C7AFB271B} = {6D615623-0F3D-4246-9DEB-8D5C7AFB271B}
		{1BDDAB76-E5DF-42DF-8EA3-6C6EFD275E43} = {1BDDAB76-E5DF-42DF-8EA3-6C6EFD275E43}
		{54994392-7348-41CB-9422-FEB0F33F9506} = {54994392-7348-41CB-9422-FEB0F33F9506}
	EndProjectSection
EndProject
Project("{8BC9CEB8-8B4A-11D0-8D11-00A0C91BC942}") = "Client", "Client\Client.vcproj", "{1C9AA007-7454-4FC2-B781-096A4D8B0715}"
	ProjectSection(ProjectDependencies) = postProject
		{F36C6310-E33A-4939-8C7B-B3B6AE8F967E} = {F36C6310-E33A-4939-8C7B-B3B6AE8F967E}
		{6D615623-0F3D-4246-9DEB-8D5C7AFB271B} = {6D615623-0F3D-4246-9DEB-8D5C7AFB271B}
		{796BC33A-31EB-4C0D-91D3-10F58507BF02} = {796BC33A-31EB-4C0D-91D3-10F58507BF02}
		{1BDDAB76-E5DF-42DF-8EA3-6C6EFD275E43} = {1BDDAB76-E5DF-42DF-8EA3-6C6EFD275E43}
		{54994392-7348-41CB-9422-FEB0F33F9506} = {54994392-7348-41CB-9422-FEB0F33F9506}
		{03A087D4-E4F1-4D12-B33A-E3D2DC258499} = {03A087D4-E4F1-4D12-B33A-E3D2DC258499}
	EndProjectSection
EndProject
Project("{8BC9CEB8-8B4A-11D0-8D11-00A0C91BC942}") = "Graphic", "Graphic\Graphic.vcproj", "{6D615623-0F3D-4246-9DEB-8D5C7AFB271B}"
	ProjectSection(ProjectDependencies) = postProject
		{F36C6310-E33A-4939-8C7B-B3B6AE8F967E} = {F36C6310-E33A-4939-8C7B-B3B6AE8F967E}
	EndProjectSection
EndProject
Project("{8BC9CEB8-8B4A-11D0-8D11-00A0C91BC942}") = "Message", "Message\Message.vcproj", "{F36C6310-E33A-4939-8C7B-B3B6AE8F967E}"
EndProject
Project("{8BC9CEB8-8B4A-11D0-8D11-00A0C91BC942}") = "SocketIPv4", "SocketIPv4\SocketIPv4.vcproj", "{1BDDAB76-E5DF-42DF-8EA3-6C6EFD275E43}"
	ProjectSection(ProjectDependencies) = postProject
		{54994392-7348-41CB-9422-FEB0F33F9506} = {54994392-7348-41CB-9422-FEB0F33F9506}
	EndProjectSection
EndProject
Project("{8BC9CEB8-8B4A-11D0-8D11-00A0C91BC942}") = "Thread", "Thread\Thread.vcproj", "{54994392-7348-41CB-9422-FEB0F33F9506}"
EndProject
Project("{8BC9CEB8-8B4A-11D0-8D11-00A0C91BC942}") = "tinyxml", "tinyxml\tinyxml.vcproj", "{03A087D4-E4F1-4D12-B33A-E3D2DC258499}"
EndProject
Project("{8BC9CEB8-8B4A-11D0-8D11-00A0C91BC942}") = "ClientConfig", "ClientConfig\ClientConfig.vcproj", "{796BC33A-31EB-4C0D-91D3-10F58507BF02}"
EndProject
Global
	GlobalSection(SolutionConfigurationPlatforms) = preSolution
		Debug|Win32 = Debug|Win32
		Release|Win32 = Release|Win32
	EndGlobalSection
	GlobalSection(ProjectConfigurationPlatforms) = postSolution
		{31C1655B-D882-436F-AEAE-46794A3F53DC}.Debug|Win32.ActiveCfg = Debug|Win32
		{31C1655B-D882-436F-AEAE-46794A3F53DC}.Debug|Win32.Build.0 = Debug|Win32
		{31C1655B-D882-436F-AEAE-46794A3F53DC}.Release|Win32.ActiveCfg = Release|Win32
		{31C1655B-D882-436F-AEAE-46794A3F53DC}.Release|Win32.Build.0 = Release|Win32
		{1C9AA007-7454-4FC2-B781-096A4D8B0715}.Debug|Win32.ActiveCfg = Debug|Win32
		{1C9AA007-7454-4FC2-B781-096A4D8B0715}.Debug|Win32.Build.0 = Debug|Win32
		{1C9AA007-7454-4FC2-B781-096A4D8B0715}.Release|Win32.ActiveCfg = Release|Win32
		{1C9AA007-7454-4FC2-B781-096A4D8B0715}.Release|Win32.Build.0 = Release|Win32
		{6D615623-0F3D-4246-9DEB-8D5C7AFB271B}.Debug|Win32.ActiveCfg = Debug|Win32
		{6D615623-0F3D-4246-9DEB-8D5C7AFB271B}.Debug|Win32.Build.0 = Debug|Win32
		{6D615623-0F3D-4246-9DEB-8D5C7AFB271B}.Release|Win32.ActiveCfg = Release|Win32
		{6D615623-0F3D-4246-9DEB-8D5C7AFB271B}.Release|Win32.Build.0 = Release|Win32
		{F36C6310-E33A-4939-8C7B-B3B6AE8F967E}.Debug|Win32.ActiveCfg = Debug|Win32
		{F36C6310-E33A-4939-8C7B-B3B6AE8F967E}.Debug|Win32.Build.0 = Debug|Win32
		{F36C6310-E33A-4939-8C7B-B3B6AE8F967E}.Release|Win32.ActiveCfg = Release|Win32
		{F36C6310-E33A-4939-8C7B-B3B6AE8F967E}.Release|Win32.Build.0 = Release|Win32
		{1BDDAB76-E5DF-42DF-8EA3-6C6EFD275E43}.Debug|Win32.ActiveCfg = Debug|Win32
		{1BDDAB76-E5DF-42DF-8EA3-6C6EFD275E43}.Debug|Win32.Build.0 = Debug|Win32
		{1BDDAB76-E5DF-42DF-8EA3-6C6EFD275E43}.Release|Win32.ActiveCfg = Release|Win32
		{1BDDAB76-E5DF-42DF-8EA3-6C6EFD275E43}.Release|Win32.Build.0 = Release|Win32
		{54994392-7348-41CB-9422-FEB0F33F9506}.Debug|Win32.ActiveCfg = Debug|Win32
		{54994392-7348-41CB-9422-FEB0F33F9506}.Debug|Win32.Build.0 = Debug|Win32
		{54994392-7348-41CB-9422-FEB0F33F9506}.Release|Win32.ActiveCfg = Release|Win32
		{54994392-7348-41CB-9422-FEB0F33F9506}.Release|Win32.Build.0 = Release|Win32
		{03A087D4-E4F1-4D12-B33A-E3D2DC258499}.Debug|Win32.ActiveCfg = Debug|Win32
		{03A087D4-E4F1-4D12-B33A-E3D2DC258499}.Debug|Win32.Build.0 = Debug|Win32
		{03A087D4-E4F1-4D12-B33A-E3D2DC258499}.Release|Win32.ActiveCfg = Release|Win32
		{03A087D4-E4F1-4D12-B33A-E3D2DC258499}.Release|Win32.Build.0 = Release|Win32
		{796BC33A-31EB-4C0D-91D3-10F58507BF02}.Debug|Win32.ActiveCfg = Debug|Win32
		{796BC33A-31EB-4C0D-91D3-10F58507BF02}.Debug|Win32.Build.0 = Debug|Win32
		{796BC33A-31EB-4C0D-91D3-10F58507BF02}.Release|Win32.ActiveCfg = Release|Win32
		{796BC33A-31EB-4C0D-91D3-10F58507BF02}.Release|Win32.Build.0 = Release|Win32
	EndGlobalSection
	GlobalSection(SolutionProperties) = preSolution
		HideSolutionNode = FALSE
	EndGlobalSection
EndGlobal
